// !$*UTF8*$!
{
	archiveVersion = 1;
	classes = {
	};
	objectVersion = 77;
	objects = {

/* Begin PBXBuildFile section */
		3E0636762BF0BAA400F7ED6E /* RealityKitContent in Frameworks */ = {isa = PBXBuildFile; productRef = 3E0636752BF0BAA400F7ED6E /* RealityKitContent */; };
		3E254D942D404D97005CE58C /* RealityViewContent.swift in Sources */ = {isa = PBXBuildFile; fileRef = 3E254D932D404D97005CE58C /* RealityViewContent.swift */; };
		3E31ADE82D27085A00E48C15 /* VisionTextArc in Frameworks */ = {isa = PBXBuildFile; productRef = 3E31ADE72D27085A00E48C15 /* VisionTextArc */; };
		3E428A602D6F285D002EBECD /* ParticleController.swift in Sources */ = {isa = PBXBuildFile; fileRef = 3E428A5F2D6F285D002EBECD /* ParticleController.swift */; };
		3E4A62192D32A84500E3C0D4 /* ImmersiveTravelController.swift in Sources */ = {isa = PBXBuildFile; fileRef = 3E4A62182D32A84500E3C0D4 /* ImmersiveTravelController.swift */; };
		3E4A621F2D37116200E3C0D4 /* ImageButton.swift in Sources */ = {isa = PBXBuildFile; fileRef = 3E4A621E2D37116200E3C0D4 /* ImageButton.swift */; };
		3E4ABE3B2D16E5B400AA3DE3 /* AstralWildsApp.swift in Sources */ = {isa = PBXBuildFile; fileRef = 3E7B722D2D16E48600937F1E /* AstralWildsApp.swift */; };
		3E4ABE3C2D16E5B400AA3DE3 /* SIMD4.swift in Sources */ = {isa = PBXBuildFile; fileRef = 3E7B720E2D16E48600937F1E /* SIMD4.swift */; };
		3E4ABE3E2D16E5B400AA3DE3 /* GestureModel.swift in Sources */ = {isa = PBXBuildFile; fileRef = 3E7B72112D16E48600937F1E /* GestureModel.swift */; };
		3E4ABE402D16E5B400AA3DE3 /* PlanetController.swift in Sources */ = {isa = PBXBuildFile; fileRef = 3E7B72132D16E48600937F1E /* PlanetController.swift */; };
		3E4ABE412D16E5B400AA3DE3 /* TextArray.swift in Sources */ = {isa = PBXBuildFile; fileRef = 3E7B72142D16E48600937F1E /* TextArray.swift */; };
		3E4ABE462D16E5B400AA3DE3 /* ViewExtension.swift in Sources */ = {isa = PBXBuildFile; fileRef = 3E7B721F2D16E48600937F1E /* ViewExtension.swift */; };
		3E4ABE472D16E5B400AA3DE3 /* ExitImmersiveSpaceGesture.swift in Sources */ = {isa = PBXBuildFile; fileRef = 3E7B72212D16E48600937F1E /* ExitImmersiveSpaceGesture.swift */; };
		3E4ABE492D16E5B400AA3DE3 /* ImmersiveTravel.swift in Sources */ = {isa = PBXBuildFile; fileRef = 3E7B72242D16E48600937F1E /* ImmersiveTravel.swift */; };
		3E4ABE4A2D16E5B400AA3DE3 /* MovingPlanets.swift in Sources */ = {isa = PBXBuildFile; fileRef = 3E7B72252D16E48600937F1E /* MovingPlanets.swift */; };
		3E4ABE4B2D16E5B400AA3DE3 /* MovePlanetsYouChoose.swift in Sources */ = {isa = PBXBuildFile; fileRef = 3E7B72262D16E48600937F1E /* MovePlanetsYouChoose.swift */; };
		3E4ABE4E2D16E66400AA3DE3 /* Preview Assets.xcassets in Sources */ = {isa = PBXBuildFile; fileRef = 3E7B72162D16E48600937F1E /* Preview Assets.xcassets */; };
		3E4ABE4F2D16E66400AA3DE3 /* Assets.xcassets in Sources */ = {isa = PBXBuildFile; fileRef = 3E7B722B2D16E48600937F1E /* Assets.xcassets */; };
		3E4ABE562D16F45400AA3DE3 /* studio.skybox in Resources */ = {isa = PBXBuildFile; fileRef = 3E4ABE552D16F45400AA3DE3 /* studio.skybox */; };
		3E4ABE5F2D1F5D2700AA3DE3 /* Test.swift in Sources */ = {isa = PBXBuildFile; fileRef = 3E4ABE5E2D1F5D2700AA3DE3 /* Test.swift */; };
		3E4ABE652D2099F500AA3DE3 /* SetModeKey.swift in Sources */ = {isa = PBXBuildFile; fileRef = 3E4ABE642D2099F500AA3DE3 /* SetModeKey.swift */; };
		3E52A3942D611E2500D67E4B /* space.mp3 in Resources */ = {isa = PBXBuildFile; fileRef = 3E52A3932D611E2500D67E4B /* space.mp3 */; };
		3E52A3962D61DA9D00D67E4B /* ExitImmersiveSpaceButton.swift in Sources */ = {isa = PBXBuildFile; fileRef = 3E52A3952D61DA9D00D67E4B /* ExitImmersiveSpaceButton.swift */; };
		3E6EAA652D3FE7FD002A7BBF /* Documentation.docc in Sources */ = {isa = PBXBuildFile; fileRef = 3E6EAA642D3FE7FD002A7BBF /* Documentation.docc */; };
		3E8FFFC22D633EB700061A8F /* ChooseTimeView.swift in Sources */ = {isa = PBXBuildFile; fileRef = 3E8FFFBE2D633EB700061A8F /* ChooseTimeView.swift */; };
		3E8FFFC32D633EB700061A8F /* TutorialView.swift in Sources */ = {isa = PBXBuildFile; fileRef = 3E8FFFC02D633EB700061A8F /* TutorialView.swift */; };
		3E8FFFC42D633EB700061A8F /* MainView.swift in Sources */ = {isa = PBXBuildFile; fileRef = 3E8FFFBF2D633EB700061A8F /* MainView.swift */; };
		3E8FFFC52D633EB700061A8F /* WelcomeView.swift in Sources */ = {isa = PBXBuildFile; fileRef = 3E8FFFC12D633EB700061A8F /* WelcomeView.swift */; };
		3E8FFFCB2D633F0D00061A8F /* LightingConfigurable.swift in Sources */ = {isa = PBXBuildFile; fileRef = 3E8FFFC92D633F0D00061A8F /* LightingConfigurable.swift */; };
		3ECFA3C82D76044F0068D262 /* AudioPlayer.swift in Sources */ = {isa = PBXBuildFile; fileRef = 3ECFA3C72D76044F0068D262 /* AudioPlayer.swift */; };
		3ED4A6B22CFB1BE600A899A3 /* VisionTextArc in Frameworks */ = {isa = PBXBuildFile; productRef = 3ED4A6B12CFB1BE600A899A3 /* VisionTextArc */; };
/* End PBXBuildFile section */

/* Begin PBXContainerItemProxy section */
		3E71D87E2CDD3C4F00B515ED /* PBXContainerItemProxy */ = {
			isa = PBXContainerItemProxy;
			containerPortal = 3E0636682BF0BAA400F7ED6E /* Project object */;
			proxyType = 1;
			remoteGlobalIDString = 3E06366F2BF0BAA400F7ED6E;
			remoteInfo = PlanetarySystem;
		};
/* End PBXContainerItemProxy section */

/* Begin PBXFileReference section */
		3E0636742BF0BAA400F7ED6E /* RealityKitContent */ = {isa = PBXFileReference; lastKnownFileType = wrapper; path = RealityKitContent; sourceTree = "<group>"; };
		3E254D932D404D97005CE58C /* RealityViewContent.swift */ = {isa = PBXFileReference; lastKnownFileType = sourcecode.swift; path = RealityViewContent.swift; sourceTree = "<group>"; };
		3E428A5F2D6F285D002EBECD /* ParticleController.swift */ = {isa = PBXFileReference; lastKnownFileType = sourcecode.swift; path = ParticleController.swift; sourceTree = "<group>"; };
		3E4A62182D32A84500E3C0D4 /* ImmersiveTravelController.swift */ = {isa = PBXFileReference; lastKnownFileType = sourcecode.swift; path = ImmersiveTravelController.swift; sourceTree = "<group>"; };
		3E4A621E2D37116200E3C0D4 /* ImageButton.swift */ = {isa = PBXFileReference; lastKnownFileType = sourcecode.swift; path = ImageButton.swift; sourceTree = "<group>"; };
		3E4ABE552D16F45400AA3DE3 /* studio.skybox */ = {isa = PBXFileReference; lastKnownFileType = file.skybox; path = studio.skybox; sourceTree = "<group>"; };
		3E4ABE5D2D1F5D2600AA3DE3 /* AstralWildsTests-Bridging-Header.h */ = {isa = PBXFileReference; lastKnownFileType = sourcecode.c.h; path = "AstralWildsTests-Bridging-Header.h"; sourceTree = "<group>"; };
		3E4ABE5E2D1F5D2700AA3DE3 /* Test.swift */ = {isa = PBXFileReference; lastKnownFileType = sourcecode.swift; path = Test.swift; sourceTree = "<group>"; };
		3E4ABE642D2099F500AA3DE3 /* SetModeKey.swift */ = {isa = PBXFileReference; lastKnownFileType = sourcecode.swift; path = SetModeKey.swift; sourceTree = "<group>"; };
		3E52A3932D611E2500D67E4B /* space.mp3 */ = {isa = PBXFileReference; lastKnownFileType = audio.mp3; path = space.mp3; sourceTree = "<group>"; };
		3E52A3952D61DA9D00D67E4B /* ExitImmersiveSpaceButton.swift */ = {isa = PBXFileReference; lastKnownFileType = sourcecode.swift; path = ExitImmersiveSpaceButton.swift; sourceTree = "<group>"; };
		3E5C216F2BF6BD010015AC20 /* AstralWilds.app */ = {isa = PBXFileReference; explicitFileType = wrapper.application; includeInIndex = 0; path = AstralWilds.app; sourceTree = BUILT_PRODUCTS_DIR; };
		3E6EAA642D3FE7FD002A7BBF /* Documentation.docc */ = {isa = PBXFileReference; lastKnownFileType = folder.documentationcatalog; path = Documentation.docc; sourceTree = "<group>"; };
		3E7B720E2D16E48600937F1E /* SIMD4.swift */ = {isa = PBXFileReference; lastKnownFileType = sourcecode.swift; path = SIMD4.swift; sourceTree = "<group>"; };
		3E7B72112D16E48600937F1E /* GestureModel.swift */ = {isa = PBXFileReference; lastKnownFileType = sourcecode.swift; path = GestureModel.swift; sourceTree = "<group>"; };
		3E7B72132D16E48600937F1E /* PlanetController.swift */ = {isa = PBXFileReference; lastKnownFileType = sourcecode.swift; path = PlanetController.swift; sourceTree = "<group>"; };
		3E7B72142D16E48600937F1E /* TextArray.swift */ = {isa = PBXFileReference; lastKnownFileType = sourcecode.swift; path = TextArray.swift; sourceTree = "<group>"; };
		3E7B72162D16E48600937F1E /* Preview Assets.xcassets */ = {isa = PBXFileReference; lastKnownFileType = folder.assetcatalog; path = "Preview Assets.xcassets"; sourceTree = "<group>"; };
		3E7B721F2D16E48600937F1E /* ViewExtension.swift */ = {isa = PBXFileReference; lastKnownFileType = sourcecode.swift; path = ViewExtension.swift; sourceTree = "<group>"; };
		3E7B72212D16E48600937F1E /* ExitImmersiveSpaceGesture.swift */ = {isa = PBXFileReference; lastKnownFileType = sourcecode.swift; path = ExitImmersiveSpaceGesture.swift; sourceTree = "<group>"; };
		3E7B72242D16E48600937F1E /* ImmersiveTravel.swift */ = {isa = PBXFileReference; lastKnownFileType = sourcecode.swift; path = ImmersiveTravel.swift; sourceTree = "<group>"; };
		3E7B72252D16E48600937F1E /* MovingPlanets.swift */ = {isa = PBXFileReference; lastKnownFileType = sourcecode.swift; path = MovingPlanets.swift; sourceTree = "<group>"; };
		3E7B72262D16E48600937F1E /* MovePlanetsYouChoose.swift */ = {isa = PBXFileReference; lastKnownFileType = sourcecode.swift; path = MovePlanetsYouChoose.swift; sourceTree = "<group>"; };
		3E7B722B2D16E48600937F1E /* Assets.xcassets */ = {isa = PBXFileReference; lastKnownFileType = folder.assetcatalog; path = Assets.xcassets; sourceTree = "<group>"; };
		3E7B722C2D16E48600937F1E /* Info.plist */ = {isa = PBXFileReference; lastKnownFileType = text.plist.xml; path = Info.plist; sourceTree = "<group>"; };
		3E7B722D2D16E48600937F1E /* AstralWildsApp.swift */ = {isa = PBXFileReference; lastKnownFileType = sourcecode.swift; path = AstralWildsApp.swift; sourceTree = "<group>"; };
		3E8FFFBE2D633EB700061A8F /* ChooseTimeView.swift */ = {isa = PBXFileReference; lastKnownFileType = sourcecode.swift; name = ChooseTimeView.swift; path = AstralWilds/Views/Windows/ChooseTimeView.swift; sourceTree = SOURCE_ROOT; };
		3E8FFFBF2D633EB700061A8F /* MainView.swift */ = {isa = PBXFileReference; lastKnownFileType = sourcecode.swift; name = MainView.swift; path = AstralWilds/Views/Windows/MainView.swift; sourceTree = SOURCE_ROOT; };
		3E8FFFC02D633EB700061A8F /* TutorialView.swift */ = {isa = PBXFileReference; lastKnownFileType = sourcecode.swift; name = TutorialView.swift; path = AstralWilds/Views/Windows/TutorialView.swift; sourceTree = SOURCE_ROOT; };
		3E8FFFC12D633EB700061A8F /* WelcomeView.swift */ = {isa = PBXFileReference; lastKnownFileType = sourcecode.swift; name = WelcomeView.swift; path = AstralWilds/Views/Windows/WelcomeView.swift; sourceTree = SOURCE_ROOT; };
		3E8FFFC92D633F0D00061A8F /* LightingConfigurable.swift */ = {isa = PBXFileReference; lastKnownFileType = sourcecode.swift; path = LightingConfigurable.swift; sourceTree = "<group>"; };
		3EA475602BF6BA75005A3573 /* RealityKit.framework */ = {isa = PBXFileReference; lastKnownFileType = wrapper.framework; name = RealityKit.framework; path = System/Library/Frameworks/RealityKit.framework; sourceTree = SDKROOT; };
		3EBF553A2CE4F49E00216442 /* AstralWildsTests.xctest */ = {isa = PBXFileReference; explicitFileType = wrapper.cfbundle; includeInIndex = 0; path = AstralWildsTests.xctest; sourceTree = BUILT_PRODUCTS_DIR; };
		3ECFA3C72D76044F0068D262 /* AudioPlayer.swift */ = {isa = PBXFileReference; lastKnownFileType = sourcecode.swift; path = AudioPlayer.swift; sourceTree = "<group>"; };
/* End PBXFileReference section */

/* Begin PBXFrameworksBuildPhase section */
		3E06366D2BF0BAA400F7ED6E /* Frameworks */ = {
			isa = PBXFrameworksBuildPhase;
			buildActionMask = 2147483647;
			files = (
				3ED4A6B22CFB1BE600A899A3 /* VisionTextArc in Frameworks */,
				3E0636762BF0BAA400F7ED6E /* RealityKitContent in Frameworks */,
				3E31ADE82D27085A00E48C15 /* VisionTextArc in Frameworks */,
			);
			runOnlyForDeploymentPostprocessing = 0;
		};
		3E71D8772CDD3C4F00B515ED /* Frameworks */ = {
			isa = PBXFrameworksBuildPhase;
			buildActionMask = 2147483647;
			files = (
			);
			runOnlyForDeploymentPostprocessing = 0;
		};
/* End PBXFrameworksBuildPhase section */

/* Begin PBXGroup section */
		3E0636672BF0BAA400F7ED6E = {
			isa = PBXGroup;
			children = (
				3E7B72302D16E48600937F1E /* AstralWilds */,
				3E0636732BF0BAA400F7ED6E /* Packages */,
				3EA4755F2BF6BA75005A3573 /* Frameworks */,
				3E4ABE612D1F5D5200AA3DE3 /* AstralWildsTests */,
				3E5C216F2BF6BD010015AC20 /* AstralWilds.app */,
				3EBF553A2CE4F49E00216442 /* AstralWildsTests.xctest */,
				3E4ABE5D2D1F5D2600AA3DE3 /* AstralWildsTests-Bridging-Header.h */,
			);
			sourceTree = "<group>";
		};
		3E0636732BF0BAA400F7ED6E /* Packages */ = {
			isa = PBXGroup;
			children = (
				3E0636742BF0BAA400F7ED6E /* RealityKitContent */,
			);
			path = Packages;
			sourceTree = "<group>";
		};
		3E428A5C2D6F180B002EBECD /* Windows */ = {
			isa = PBXGroup;
			children = (
				3E8FFFBE2D633EB700061A8F /* ChooseTimeView.swift */,
				3E8FFFBF2D633EB700061A8F /* MainView.swift */,
				3E8FFFC02D633EB700061A8F /* TutorialView.swift */,
				3E8FFFC12D633EB700061A8F /* WelcomeView.swift */,
			);
			path = Windows;
			sourceTree = "<group>";
		};
		3E4ABE612D1F5D5200AA3DE3 /* AstralWildsTests */ = {
			isa = PBXGroup;
			children = (
				3E4ABE5E2D1F5D2700AA3DE3 /* Test.swift */,
			);
			path = AstralWildsTests;
			sourceTree = "<group>";
		};
		3E7B720F2D16E48600937F1E /* Extensions */ = {
			isa = PBXGroup;
			children = (
				3E7B720E2D16E48600937F1E /* SIMD4.swift */,
				3E4ABE642D2099F500AA3DE3 /* SetModeKey.swift */,
				3E7B721F2D16E48600937F1E /* ViewExtension.swift */,
				3E254D932D404D97005CE58C /* RealityViewContent.swift */,
			);
			path = Extensions;
			sourceTree = "<group>";
		};
		3E7B72152D16E48600937F1E /* Models */ = {
			isa = PBXGroup;
			children = (
				3E7B720F2D16E48600937F1E /* Extensions */,
				3E7B72112D16E48600937F1E /* GestureModel.swift */,
				3E7B72132D16E48600937F1E /* PlanetController.swift */,
				3E4A62182D32A84500E3C0D4 /* ImmersiveTravelController.swift */,
				3ECFA3C72D76044F0068D262 /* AudioPlayer.swift */,
				3E428A5F2D6F285D002EBECD /* ParticleController.swift */,
				3E7B72142D16E48600937F1E /* TextArray.swift */,
				3E8FFFCA2D633F0D00061A8F /* Protocols */,
			);
			path = Models;
			sourceTree = "<group>";
		};
		3E7B72172D16E48600937F1E /* Preview Content */ = {
			isa = PBXGroup;
			children = (
				3E7B72162D16E48600937F1E /* Preview Assets.xcassets */,
			);
			path = "Preview Content";
			sourceTree = "<group>";
		};
		3E7B721B2D16E48600937F1E /* Sounds */ = {
			isa = PBXGroup;
			children = (
				3E52A3932D611E2500D67E4B /* space.mp3 */,
			);
			path = Sounds;
			sourceTree = "<group>";
		};
		3E7B72232D16E48600937F1E /* Components */ = {
			isa = PBXGroup;
			children = (
				3E7B72212D16E48600937F1E /* ExitImmersiveSpaceGesture.swift */,
				3E52A3952D61DA9D00D67E4B /* ExitImmersiveSpaceButton.swift */,
				3E4A621E2D37116200E3C0D4 /* ImageButton.swift */,
			);
			path = Components;
			sourceTree = "<group>";
		};
		3E7B72272D16E48600937F1E /* Immersive */ = {
			isa = PBXGroup;
			children = (
				3E7B72242D16E48600937F1E /* ImmersiveTravel.swift */,
				3E7B72252D16E48600937F1E /* MovingPlanets.swift */,
				3E7B72262D16E48600937F1E /* MovePlanetsYouChoose.swift */,
			);
			path = Immersive;
			sourceTree = "<group>";
		};
		3E7B722A2D16E48600937F1E /* Views */ = {
			isa = PBXGroup;
			children = (
				3E428A5C2D6F180B002EBECD /* Windows */,
				3E7B72232D16E48600937F1E /* Components */,
				3E7B72272D16E48600937F1E /* Immersive */,
			);
			path = Views;
			sourceTree = "<group>";
		};
		3E7B72302D16E48600937F1E /* AstralWilds */ = {
			isa = PBXGroup;
			children = (
				3E6EAA642D3FE7FD002A7BBF /* Documentation.docc */,
				3E7B722D2D16E48600937F1E /* AstralWildsApp.swift */,
				3E7B72152D16E48600937F1E /* Models */,
				3E7B722A2D16E48600937F1E /* Views */,
				3E8CBBE52D4BBAB4006E7E45 /* Resources */,
			);
			path = AstralWilds;
			sourceTree = "<group>";
		};
		3E8CBBE52D4BBAB4006E7E45 /* Resources */ = {
			isa = PBXGroup;
			children = (
				3E7B72172D16E48600937F1E /* Preview Content */,
				3E7B721B2D16E48600937F1E /* Sounds */,
				3E4ABE552D16F45400AA3DE3 /* studio.skybox */,
				3E7B722B2D16E48600937F1E /* Assets.xcassets */,
				3E7B722C2D16E48600937F1E /* Info.plist */,
			);
			path = Resources;
			sourceTree = "<group>";
		};
		3E8FFFCA2D633F0D00061A8F /* Protocols */ = {
			isa = PBXGroup;
			children = (
				3E8FFFC92D633F0D00061A8F /* LightingConfigurable.swift */,
			);
			path = Protocols;
			sourceTree = "<group>";
		};
		3EA4755F2BF6BA75005A3573 /* Frameworks */ = {
			isa = PBXGroup;
			children = (
				3EA475602BF6BA75005A3573 /* RealityKit.framework */,
			);
			name = Frameworks;
			sourceTree = "<group>";
		};
/* End PBXGroup section */

/* Begin PBXNativeTarget section */
		3E06366F2BF0BAA400F7ED6E /* AstralWilds */ = {
			isa = PBXNativeTarget;
			buildConfigurationList = 3E0636832BF0BAA500F7ED6E /* Build configuration list for PBXNativeTarget "AstralWilds" */;
			buildPhases = (
				3E06366C2BF0BAA400F7ED6E /* Sources */,
				3E06366D2BF0BAA400F7ED6E /* Frameworks */,
				3E06366E2BF0BAA400F7ED6E /* Resources */,
				3E8CBBE72D4BE422006E7E45 /* ShellScript */,
			);
			buildRules = (
			);
			dependencies = (
			);
			name = AstralWilds;
			packageProductDependencies = (
				3E0636752BF0BAA400F7ED6E /* RealityKitContent */,
				3ED4A6B12CFB1BE600A899A3 /* VisionTextArc */,
				3E31ADE72D27085A00E48C15 /* VisionTextArc */,
			);
			productName = PlanetarySystem;
			productReference = 3E5C216F2BF6BD010015AC20 /* AstralWilds.app */;
			productType = "com.apple.product-type.application";
		};
		3E71D8792CDD3C4F00B515ED /* AstralWildsTests */ = {
			isa = PBXNativeTarget;
			buildConfigurationList = 3E71D8822CDD3C4F00B515ED /* Build configuration list for PBXNativeTarget "AstralWildsTests" */;
			buildPhases = (
				3E71D8762CDD3C4F00B515ED /* Sources */,
				3E71D8772CDD3C4F00B515ED /* Frameworks */,
				3E71D8782CDD3C4F00B515ED /* Resources */,
			);
			buildRules = (
			);
			dependencies = (
				3E71D87F2CDD3C4F00B515ED /* PBXTargetDependency */,
			);
			name = AstralWildsTests;
			packageProductDependencies = (
			);
			productName = PlanetarySystemTests;
			productReference = 3EBF553A2CE4F49E00216442 /* AstralWildsTests.xctest */;
			productType = "com.apple.product-type.bundle.unit-test";
		};
/* End PBXNativeTarget section */

/* Begin PBXProject section */
		3E0636682BF0BAA400F7ED6E /* Project object */ = {
			isa = PBXProject;
			attributes = {
				BuildIndependentTargetsInParallel = 1;
				LastSwiftUpdateCheck = 1610;
				LastUpgradeCheck = 1610;
				TargetAttributes = {
					3E06366F2BF0BAA400F7ED6E = {
						CreatedOnToolsVersion = 15.3;
					};
					3E71D8792CDD3C4F00B515ED = {
						CreatedOnToolsVersion = 16.1;
						LastSwiftMigration = 1610;
						TestTargetID = 3E06366F2BF0BAA400F7ED6E;
					};
				};
			};
			buildConfigurationList = 3E06366B2BF0BAA400F7ED6E /* Build configuration list for PBXProject "AstralWilds" */;
			developmentRegion = en;
			hasScannedForEncodings = 0;
			knownRegions = (
				en,
				Base,
			);
			mainGroup = 3E0636672BF0BAA400F7ED6E;
			packageReferences = (
				3E31ADE62D27085A00E48C15 /* XCRemoteSwiftPackageReference "VisionTextArc" */,
			);
			preferredProjectObjectVersion = 77;
			productRefGroup = 3E0636672BF0BAA400F7ED6E;
			projectDirPath = "";
			projectRoot = "";
			targets = (
				3E06366F2BF0BAA400F7ED6E /* AstralWilds */,
				3E71D8792CDD3C4F00B515ED /* AstralWildsTests */,
			);
		};
/* End PBXProject section */

/* Begin PBXResourcesBuildPhase section */
		3E06366E2BF0BAA400F7ED6E /* Resources */ = {
			isa = PBXResourcesBuildPhase;
			buildActionMask = 2147483647;
			files = (
				3E4ABE562D16F45400AA3DE3 /* studio.skybox in Resources */,
				3E52A3942D611E2500D67E4B /* space.mp3 in Resources */,
			);
			runOnlyForDeploymentPostprocessing = 0;
		};
		3E71D8782CDD3C4F00B515ED /* Resources */ = {
			isa = PBXResourcesBuildPhase;
			buildActionMask = 2147483647;
			files = (
			);
			runOnlyForDeploymentPostprocessing = 0;
		};
/* End PBXResourcesBuildPhase section */

/* Begin PBXShellScriptBuildPhase section */
		3E8CBBE72D4BE422006E7E45 /* ShellScript */ = {
			isa = PBXShellScriptBuildPhase;
			buildActionMask = 2147483647;
			files = (
			);
			inputFileListPaths = (
			);
			inputPaths = (
			);
			outputFileListPaths = (
			);
			outputPaths = (
			);
			runOnlyForDeploymentPostprocessing = 0;
			shellPath = /bin/sh;
			shellScript = "# Adds support for Apple Silicon brew directory\n# export PATH=\"$PATH:/opt/homebrew/bin\"\n\nif which swiftlint >/dev/null; then\n  swiftlint autocorrect --format\nelse\n  echo \"warning: SwiftLint not installed, download from https://github.com/realm/SwiftLint\"\nfi\n";
		};
/* End PBXShellScriptBuildPhase section */

/* Begin PBXSourcesBuildPhase section */
		3E06366C2BF0BAA400F7ED6E /* Sources */ = {
			isa = PBXSourcesBuildPhase;
			buildActionMask = 2147483647;
			files = (
				3E4ABE4E2D16E66400AA3DE3 /* Preview Assets.xcassets in Sources */,
				3E4ABE4F2D16E66400AA3DE3 /* Assets.xcassets in Sources */,
				3E4ABE3B2D16E5B400AA3DE3 /* AstralWildsApp.swift in Sources */,
				3E8FFFC22D633EB700061A8F /* ChooseTimeView.swift in Sources */,
				3E8FFFCB2D633F0D00061A8F /* LightingConfigurable.swift in Sources */,
				3E8FFFC32D633EB700061A8F /* TutorialView.swift in Sources */,
				3E8FFFC42D633EB700061A8F /* MainView.swift in Sources */,
				3E8FFFC52D633EB700061A8F /* WelcomeView.swift in Sources */,
				3E4ABE3C2D16E5B400AA3DE3 /* SIMD4.swift in Sources */,
				3E4ABE3E2D16E5B400AA3DE3 /* GestureModel.swift in Sources */,
				3E52A3962D61DA9D00D67E4B /* ExitImmersiveSpaceButton.swift in Sources */,
				3E4ABE402D16E5B400AA3DE3 /* PlanetController.swift in Sources */,
				3ECFA3C82D76044F0068D262 /* AudioPlayer.swift in Sources */,
				3E4A62192D32A84500E3C0D4 /* ImmersiveTravelController.swift in Sources */,
				3E4ABE412D16E5B400AA3DE3 /* TextArray.swift in Sources */,
				3E4ABE462D16E5B400AA3DE3 /* ViewExtension.swift in Sources */,
				3E4ABE472D16E5B400AA3DE3 /* ExitImmersiveSpaceGesture.swift in Sources */,
				3E4A621F2D37116200E3C0D4 /* ImageButton.swift in Sources */,
				3E4ABE492D16E5B400AA3DE3 /* ImmersiveTravel.swift in Sources */,
				3E4ABE4A2D16E5B400AA3DE3 /* MovingPlanets.swift in Sources */,
				3E428A602D6F285D002EBECD /* ParticleController.swift in Sources */,
				3E254D942D404D97005CE58C /* RealityViewContent.swift in Sources */,
				3E6EAA652D3FE7FD002A7BBF /* Documentation.docc in Sources */,
				3E4ABE4B2D16E5B400AA3DE3 /* MovePlanetsYouChoose.swift in Sources */,
				3E4ABE652D2099F500AA3DE3 /* SetModeKey.swift in Sources */,
			);
			runOnlyForDeploymentPostprocessing = 0;
		};
		3E71D8762CDD3C4F00B515ED /* Sources */ = {
			isa = PBXSourcesBuildPhase;
			buildActionMask = 2147483647;
			files = (
				3E4ABE5F2D1F5D2700AA3DE3 /* Test.swift in Sources */,
			);
			runOnlyForDeploymentPostprocessing = 0;
		};
/* End PBXSourcesBuildPhase section */

/* Begin PBXTargetDependency section */
		3E71D87F2CDD3C4F00B515ED /* PBXTargetDependency */ = {
			isa = PBXTargetDependency;
			target = 3E06366F2BF0BAA400F7ED6E /* AstralWilds */;
			targetProxy = 3E71D87E2CDD3C4F00B515ED /* PBXContainerItemProxy */;
		};
/* End PBXTargetDependency section */

/* Begin XCBuildConfiguration section */
		3E0636812BF0BAA500F7ED6E /* Debug */ = {
			isa = XCBuildConfiguration;
			buildSettings = {
				ALWAYS_SEARCH_USER_PATHS = NO;
				ASSETCATALOG_COMPILER_GENERATE_SWIFT_ASSET_SYMBOL_EXTENSIONS = YES;
				CLANG_ANALYZER_NONNULL = YES;
				CLANG_ANALYZER_NUMBER_OBJECT_CONVERSION = YES_AGGRESSIVE;
				CLANG_CXX_LANGUAGE_STANDARD = "gnu++20";
				CLANG_ENABLE_MODULES = YES;
				CLANG_ENABLE_OBJC_ARC = YES;
				CLANG_ENABLE_OBJC_WEAK = YES;
				CLANG_WARN_BLOCK_CAPTURE_AUTORELEASING = YES;
				CLANG_WARN_BOOL_CONVERSION = YES;
				CLANG_WARN_COMMA = YES;
				CLANG_WARN_CONSTANT_CONVERSION = YES;
				CLANG_WARN_DEPRECATED_OBJC_IMPLEMENTATIONS = YES;
				CLANG_WARN_DIRECT_OBJC_ISA_USAGE = YES_ERROR;
				CLANG_WARN_DOCUMENTATION_COMMENTS = YES;
				CLANG_WARN_EMPTY_BODY = YES;
				CLANG_WARN_ENUM_CONVERSION = YES;
				CLANG_WARN_INFINITE_RECURSION = YES;
				CLANG_WARN_INT_CONVERSION = YES;
				CLANG_WARN_NON_LITERAL_NULL_CONVERSION = YES;
				CLANG_WARN_OBJC_IMPLICIT_RETAIN_SELF = YES;
				CLANG_WARN_OBJC_LITERAL_CONVERSION = YES;
				CLANG_WARN_OBJC_ROOT_CLASS = YES_ERROR;
				CLANG_WARN_QUOTED_INCLUDE_IN_FRAMEWORK_HEADER = YES;
				CLANG_WARN_RANGE_LOOP_ANALYSIS = YES;
				CLANG_WARN_STRICT_PROTOTYPES = YES;
				CLANG_WARN_SUSPICIOUS_MOVE = YES;
				CLANG_WARN_UNGUARDED_AVAILABILITY = YES_AGGRESSIVE;
				CLANG_WARN_UNREACHABLE_CODE = YES;
				CLANG_WARN__DUPLICATE_METHOD_MATCH = YES;
				COPY_PHASE_STRIP = NO;
				DEBUG_INFORMATION_FORMAT = dwarf;
				ENABLE_STRICT_OBJC_MSGSEND = YES;
				ENABLE_TESTABILITY = YES;
				ENABLE_USER_SCRIPT_SANDBOXING = YES;
				GCC_C_LANGUAGE_STANDARD = gnu17;
				GCC_DYNAMIC_NO_PIC = NO;
				GCC_NO_COMMON_BLOCKS = YES;
				GCC_OPTIMIZATION_LEVEL = 0;
				GCC_PREPROCESSOR_DEFINITIONS = (
					"DEBUG=1",
					"$(inherited)",
				);
				GCC_WARN_64_TO_32_BIT_CONVERSION = YES;
				GCC_WARN_ABOUT_RETURN_TYPE = YES_ERROR;
				GCC_WARN_UNDECLARED_SELECTOR = YES;
				GCC_WARN_UNINITIALIZED_AUTOS = YES_AGGRESSIVE;
				GCC_WARN_UNUSED_FUNCTION = YES;
				GCC_WARN_UNUSED_VARIABLE = YES;
				LOCALIZATION_PREFERS_STRING_CATALOGS = YES;
				MTL_ENABLE_DEBUG_INFO = INCLUDE_SOURCE;
				MTL_FAST_MATH = YES;
				ONLY_ACTIVE_ARCH = YES;
				SDKROOT = xros;
				SWIFT_ACTIVE_COMPILATION_CONDITIONS = "DEBUG $(inherited)";
				SWIFT_OPTIMIZATION_LEVEL = "-Onone";
				SWIFT_STRICT_CONCURRENCY = complete;
				XROS_DEPLOYMENT_TARGET = 1.1;
			};
			name = Debug;
		};
		3E0636822BF0BAA500F7ED6E /* Release */ = {
			isa = XCBuildConfiguration;
			buildSettings = {
				ALWAYS_SEARCH_USER_PATHS = NO;
				ASSETCATALOG_COMPILER_GENERATE_SWIFT_ASSET_SYMBOL_EXTENSIONS = YES;
				CLANG_ANALYZER_NONNULL = YES;
				CLANG_ANALYZER_NUMBER_OBJECT_CONVERSION = YES_AGGRESSIVE;
				CLANG_CXX_LANGUAGE_STANDARD = "gnu++20";
				CLANG_ENABLE_MODULES = YES;
				CLANG_ENABLE_OBJC_ARC = YES;
				CLANG_ENABLE_OBJC_WEAK = YES;
				CLANG_WARN_BLOCK_CAPTURE_AUTORELEASING = YES;
				CLANG_WARN_BOOL_CONVERSION = YES;
				CLANG_WARN_COMMA = YES;
				CLANG_WARN_CONSTANT_CONVERSION = YES;
				CLANG_WARN_DEPRECATED_OBJC_IMPLEMENTATIONS = YES;
				CLANG_WARN_DIRECT_OBJC_ISA_USAGE = YES_ERROR;
				CLANG_WARN_DOCUMENTATION_COMMENTS = YES;
				CLANG_WARN_EMPTY_BODY = YES;
				CLANG_WARN_ENUM_CONVERSION = YES;
				CLANG_WARN_INFINITE_RECURSION = YES;
				CLANG_WARN_INT_CONVERSION = YES;
				CLANG_WARN_NON_LITERAL_NULL_CONVERSION = YES;
				CLANG_WARN_OBJC_IMPLICIT_RETAIN_SELF = YES;
				CLANG_WARN_OBJC_LITERAL_CONVERSION = YES;
				CLANG_WARN_OBJC_ROOT_CLASS = YES_ERROR;
				CLANG_WARN_QUOTED_INCLUDE_IN_FRAMEWORK_HEADER = YES;
				CLANG_WARN_RANGE_LOOP_ANALYSIS = YES;
				CLANG_WARN_STRICT_PROTOTYPES = YES;
				CLANG_WARN_SUSPICIOUS_MOVE = YES;
				CLANG_WARN_UNGUARDED_AVAILABILITY = YES_AGGRESSIVE;
				CLANG_WARN_UNREACHABLE_CODE = YES;
				CLANG_WARN__DUPLICATE_METHOD_MATCH = YES;
				COPY_PHASE_STRIP = NO;
				DEBUG_INFORMATION_FORMAT = "dwarf-with-dsym";
				ENABLE_NS_ASSERTIONS = NO;
				ENABLE_STRICT_OBJC_MSGSEND = YES;
				ENABLE_USER_SCRIPT_SANDBOXING = YES;
				GCC_C_LANGUAGE_STANDARD = gnu17;
				GCC_NO_COMMON_BLOCKS = YES;
				GCC_WARN_64_TO_32_BIT_CONVERSION = YES;
				GCC_WARN_ABOUT_RETURN_TYPE = YES_ERROR;
				GCC_WARN_UNDECLARED_SELECTOR = YES;
				GCC_WARN_UNINITIALIZED_AUTOS = YES_AGGRESSIVE;
				GCC_WARN_UNUSED_FUNCTION = YES;
				GCC_WARN_UNUSED_VARIABLE = YES;
				LOCALIZATION_PREFERS_STRING_CATALOGS = YES;
				MTL_ENABLE_DEBUG_INFO = NO;
				MTL_FAST_MATH = YES;
				SDKROOT = xros;
				SWIFT_COMPILATION_MODE = wholemodule;
				SWIFT_STRICT_CONCURRENCY = complete;
				VALIDATE_PRODUCT = YES;
				XROS_DEPLOYMENT_TARGET = 1.1;
			};
			name = Release;
		};
		3E0636842BF0BAA500F7ED6E /* Debug */ = {
			isa = XCBuildConfiguration;
			buildSettings = {
				ASSETCATALOG_COMPILER_APPICON_NAME = AppIcon;
				ASSETCATALOG_COMPILER_GLOBAL_ACCENT_COLOR_NAME = AccentColor;
				CODE_SIGN_STYLE = Automatic;
				CURRENT_PROJECT_VERSION = 0;
				DEVELOPMENT_ASSET_PATHS = "\"AstralWilds/Resources/Preview Content\"";
				DEVELOPMENT_TEAM = WLW428B75Y;
				ENABLE_PREVIEWS = YES;
				GENERATE_INFOPLIST_FILE = YES;
				INFOPLIST_FILE = "$(TARGET_NAME)/Resources/Info.plist";
				INFOPLIST_KEY_CFBundleDisplayName = "Astral Wilds";
				INFOPLIST_KEY_LSApplicationCategoryType = "public.app-category.education";
				LD_RUNPATH_SEARCH_PATHS = (
					"$(inherited)",
					"@executable_path/Frameworks",
				);
				MARKETING_VERSION = 1.3.1;
				PRODUCT_BUNDLE_IDENTIFIER = com.Dave.PlanetarySystem;
				PRODUCT_NAME = "$(TARGET_NAME)";
				SUPPORTED_PLATFORMS = "xros xrsimulator";
				SWIFT_EMIT_LOC_STRINGS = YES;
				SWIFT_VERSION = 5.0;
				TARGETED_DEVICE_FAMILY = "1,2,7";
				XROS_DEPLOYMENT_TARGET = 2.0;
			};
			name = Debug;
		};
		3E0636852BF0BAA500F7ED6E /* Release */ = {
			isa = XCBuildConfiguration;
			buildSettings = {
				ASSETCATALOG_COMPILER_APPICON_NAME = AppIcon;
				ASSETCATALOG_COMPILER_GLOBAL_ACCENT_COLOR_NAME = AccentColor;
				CODE_SIGN_STYLE = Automatic;
				CURRENT_PROJECT_VERSION = 0;
				DEVELOPMENT_ASSET_PATHS = "\"AstralWilds/Resources/Preview Content\"";
				DEVELOPMENT_TEAM = WLW428B75Y;
				ENABLE_PREVIEWS = YES;
				GENERATE_INFOPLIST_FILE = YES;
				INFOPLIST_FILE = "$(TARGET_NAME)/Resources/Info.plist";
				INFOPLIST_KEY_CFBundleDisplayName = "Astral Wilds";
				INFOPLIST_KEY_LSApplicationCategoryType = "public.app-category.education";
				LD_RUNPATH_SEARCH_PATHS = (
					"$(inherited)",
					"@executable_path/Frameworks",
				);
				MARKETING_VERSION = 1.3.1;
				PRODUCT_BUNDLE_IDENTIFIER = com.Dave.PlanetarySystem;
				PRODUCT_NAME = "$(TARGET_NAME)";
				SUPPORTED_PLATFORMS = "xros xrsimulator";
				SWIFT_EMIT_LOC_STRINGS = YES;
				SWIFT_VERSION = 5.0;
				TARGETED_DEVICE_FAMILY = "1,2,7";
				XROS_DEPLOYMENT_TARGET = 2.0;
			};
			name = Release;
		};
		3E71D8802CDD3C4F00B515ED /* Debug */ = {
			isa = XCBuildConfiguration;
			buildSettings = {
				BUNDLE_LOADER = "$(TEST_HOST)";
				CLANG_ENABLE_MODULES = YES;
				CODE_SIGN_STYLE = Automatic;
				CURRENT_PROJECT_VERSION = 1;
				DEAD_CODE_STRIPPING = YES;
				DEVELOPMENT_TEAM = WLW428B75Y;
				GENERATE_INFOPLIST_FILE = YES;
				IPHONEOS_DEPLOYMENT_TARGET = 18.1;
				MACOSX_DEPLOYMENT_TARGET = 15.0;
				MARKETING_VERSION = 1.0;
				PRODUCT_BUNDLE_IDENTIFIER = com.Dave.PlanetarySystem.PlanetarySystemTests;
				PRODUCT_NAME = "$(TARGET_NAME)";
				SDKROOT = auto;
				SUPPORTED_PLATFORMS = "xros xrsimulator";
				SUPPORTS_MACCATALYST = NO;
				SWIFT_EMIT_LOC_STRINGS = NO;
				SWIFT_OBJC_BRIDGING_HEADER = "AstralWildsTests-Bridging-Header.h";
				SWIFT_OPTIMIZATION_LEVEL = "-Onone";
				SWIFT_VERSION = 5.0;
				TARGETED_DEVICE_FAMILY = 7;
				TEST_HOST = "$(BUILT_PRODUCTS_DIR)/AstralWilds.app/$(BUNDLE_EXECUTABLE_FOLDER_PATH)/AstralWilds";
				XROS_DEPLOYMENT_TARGET = 2.0;
			};
			name = Debug;
		};
		3E71D8812CDD3C4F00B515ED /* Release */ = {
			isa = XCBuildConfiguration;
			buildSettings = {
				BUNDLE_LOADER = "$(TEST_HOST)";
				CLANG_ENABLE_MODULES = YES;
				CODE_SIGN_STYLE = Automatic;
				CURRENT_PROJECT_VERSION = 1;
				DEAD_CODE_STRIPPING = YES;
				DEVELOPMENT_TEAM = WLW428B75Y;
				GENERATE_INFOPLIST_FILE = YES;
				IPHONEOS_DEPLOYMENT_TARGET = 18.1;
				MACOSX_DEPLOYMENT_TARGET = 15.0;
				MARKETING_VERSION = 1.0;
				PRODUCT_BUNDLE_IDENTIFIER = com.Dave.PlanetarySystem.PlanetarySystemTests;
				PRODUCT_NAME = "$(TARGET_NAME)";
				SDKROOT = auto;
				SUPPORTED_PLATFORMS = "xros xrsimulator";
				SUPPORTS_MACCATALYST = NO;
				SWIFT_EMIT_LOC_STRINGS = NO;
				SWIFT_OBJC_BRIDGING_HEADER = "AstralWildsTests-Bridging-Header.h";
				SWIFT_VERSION = 5.0;
				TARGETED_DEVICE_FAMILY = 7;
				TEST_HOST = "$(BUILT_PRODUCTS_DIR)/AstralWilds.app/$(BUNDLE_EXECUTABLE_FOLDER_PATH)/AstralWilds";
				XROS_DEPLOYMENT_TARGET = 2.0;
			};
			name = Release;
		};
/* End XCBuildConfiguration section */

/* Begin XCConfigurationList section */
		3E06366B2BF0BAA400F7ED6E /* Build configuration list for PBXProject "AstralWilds" */ = {
			isa = XCConfigurationList;
			buildConfigurations = (
				3E0636812BF0BAA500F7ED6E /* Debug */,
				3E0636822BF0BAA500F7ED6E /* Release */,
			);
			defaultConfigurationIsVisible = 0;
			defaultConfigurationName = Release;
		};
		3E0636832BF0BAA500F7ED6E /* Build configuration list for PBXNativeTarget "AstralWilds" */ = {
			isa = XCConfigurationList;
			buildConfigurations = (
				3E0636842BF0BAA500F7ED6E /* Debug */,
				3E0636852BF0BAA500F7ED6E /* Release */,
			);
			defaultConfigurationIsVisible = 0;
			defaultConfigurationName = Release;
		};
		3E71D8822CDD3C4F00B515ED /* Build configuration list for PBXNativeTarget "AstralWildsTests" */ = {
			isa = XCConfigurationList;
			buildConfigurations = (
				3E71D8802CDD3C4F00B515ED /* Debug */,
				3E71D8812CDD3C4F00B515ED /* Release */,
			);
			defaultConfigurationIsVisible = 0;
			defaultConfigurationName = Release;
		};
/* End XCConfigurationList section */

/* Begin XCRemoteSwiftPackageReference section */
		3E31ADE62D27085A00E48C15 /* XCRemoteSwiftPackageReference "VisionTextArc" */ = {
			isa = XCRemoteSwiftPackageReference;
			repositoryURL = "https://github.com/Dave-Ed-Cast/VisionTextArc";
			requirement = {
				branch = main;
				kind = branch;
			};
		};
/* End XCRemoteSwiftPackageReference section */

/* Begin XCSwiftPackageProductDependency section */
		3E0636752BF0BAA400F7ED6E /* RealityKitContent */ = {
			isa = XCSwiftPackageProductDependency;
			productName = RealityKitContent;
		};
		3E31ADE72D27085A00E48C15 /* VisionTextArc */ = {
			isa = XCSwiftPackageProductDependency;
			package = 3E31ADE62D27085A00E48C15 /* XCRemoteSwiftPackageReference "VisionTextArc" */;
			productName = VisionTextArc;
		};
		3ED4A6B12CFB1BE600A899A3 /* VisionTextArc */ = {
			isa = XCSwiftPackageProductDependency;
			productName = VisionTextArc;
		};
/* End XCSwiftPackageProductDependency section */
	};
	rootObject = 3E0636682BF0BAA400F7ED6E /* Project object */;
}
