{
  "pins" : [
    {
      "identity" : "visiontextarc",
      "kind" : "remoteSourceControl",
      "location" : "https://github.com/Dave-Ed-Cast/VisionTextArc",
      "state" : {
        "branch" : "main",
        "revision" : "fd62229a95ffe06dc173e75c2ebafa32b2d90da0"
      }
    }
  ],
  "version" : 2
}
