{
  "pins" : [
    {
      "identity" : "visiontextarc",
      "kind" : "remoteSourceControl",
      "location" : "https://github.com/Dave-Ed-Cast/VisionTextArc",
      "state" : {
        "branch" : "main",
        "revision" : "11987ecdb0d899797c42cd787518a1e16b712e0d"
      }
    }
  ],
  "version" : 2
}
