// !$*UTF8*$!
{
	archiveVersion = 1;
	classes = {
	};
	objectVersion = 77;
	objects = {

/* Begin PBXBuildFile section */
		3E0636762BF0BAA400F7ED6E /* RealityKitContent in Frameworks */ = {isa = PBXBuildFile; productRef = 3E0636752BF0BAA400F7ED6E /* RealityKitContent */; };
		3E0636782BF0BAA400F7ED6E /* PlanetarySystemApp.swift in Sources */ = {isa = PBXBuildFile; fileRef = 3E0636772BF0BAA400F7ED6E /* PlanetarySystemApp.swift */; };
		3E06367A2BF0BAA400F7ED6E /* ContentView.swift in Sources */ = {isa = PBXBuildFile; fileRef = 3E0636792BF0BAA400F7ED6E /* ContentView.swift */; };
		3E06367C2BF0BAA500F7ED6E /* Assets.xcassets in Resources */ = {isa = PBXBuildFile; fileRef = 3E06367B2BF0BAA500F7ED6E /* Assets.xcassets */; };
		3E06367F2BF0BAA500F7ED6E /* Preview Assets.xcassets in Resources */ = {isa = PBXBuildFile; fileRef = 3E06367E2BF0BAA500F7ED6E /* Preview Assets.xcassets */; };
		3E0BE18F2BF157DE00C5B7C8 /* PlanetCharacteristic.swift in Sources */ = {isa = PBXBuildFile; fileRef = 3E0BE18E2BF157DE00C5B7C8 /* PlanetCharacteristic.swift */; };
		3E38A9F02CDCCC99000AC9E2 /* LightingConfigurable.swift in Sources */ = {isa = PBXBuildFile; fileRef = 3E38A9EF2CDCCC99000AC9E2 /* LightingConfigurable.swift */; };
		3E5C21712BF75EFA0015AC20 /* BeforeImmersiveView.swift in Sources */ = {isa = PBXBuildFile; fileRef = 3E5C21702BF75EFA0015AC20 /* BeforeImmersiveView.swift */; };
		3E72DCCC2CDBED0F0050C344 /* AudioPlayer.swift in Sources */ = {isa = PBXBuildFile; fileRef = 3E72DCCB2CDBED0F0050C344 /* AudioPlayer.swift */; };
		3E72DCCE2CDBEEBF0050C344 /* TextArray.swift in Sources */ = {isa = PBXBuildFile; fileRef = 3E72DCCD2CDBEEBF0050C344 /* TextArray.swift */; };
		3E7D10DD2BF2652500B8CC9C /* MovePlanets.swift in Sources */ = {isa = PBXBuildFile; fileRef = 3E7D10DC2BF2652500B8CC9C /* MovePlanets.swift */; };
		3E979FC02BF6A7C80011999B /* studio.skybox in Resources */ = {isa = PBXBuildFile; fileRef = 3E979FBF2BF6A7C80011999B /* studio.skybox */; };
		3EA224612CD917EA00A94EAC /* ViewExtension.swift in Sources */ = {isa = PBXBuildFile; fileRef = 3EA224602CD917EA00A94EAC /* ViewExtension.swift */; };
		3EA2FC752BFA251400DB151E /* space.mp3 in Resources */ = {isa = PBXBuildFile; fileRef = 3EA2FC742BFA251400DB151E /* space.mp3 */; };
		3ED824C42BF4FB710091E5F5 /* ImmersiveView.swift in Sources */ = {isa = PBXBuildFile; fileRef = 3ED824C32BF4FB710091E5F5 /* ImmersiveView.swift */; };
		3EE96C372CCBC04D007BE4E2 /* ImageButton.swift in Sources */ = {isa = PBXBuildFile; fileRef = 3EE96C362CCBC04D007BE4E2 /* ImageButton.swift */; };
		3EE96C392CCD07C6007BE4E2 /* PlanetParameters.swift in Sources */ = {isa = PBXBuildFile; fileRef = 3EE96C382CCD07C6007BE4E2 /* PlanetParameters.swift */; };
		3EE96C3B2CCEAF7F007BE4E2 /* RealityViewExtension.swift in Sources */ = {isa = PBXBuildFile; fileRef = 3EE96C3A2CCEAF7F007BE4E2 /* RealityViewExtension.swift */; };
		3EF670E22BF282E700F916CF /* MovePlanetsYouChoose.swift in Sources */ = {isa = PBXBuildFile; fileRef = 3EF670E12BF282E700F916CF /* MovePlanetsYouChoose.swift */; };
/* End PBXBuildFile section */

/* Begin PBXContainerItemProxy section */
		3E71D87E2CDD3C4F00B515ED /* PBXContainerItemProxy */ = {
			isa = PBXContainerItemProxy;
			containerPortal = 3E0636682BF0BAA400F7ED6E /* Project object */;
			proxyType = 1;
			remoteGlobalIDString = 3E06366F2BF0BAA400F7ED6E;
			remoteInfo = PlanetarySystem;
		};
/* End PBXContainerItemProxy section */

/* Begin PBXFileReference section */
		3E0636742BF0BAA400F7ED6E /* RealityKitContent */ = {isa = PBXFileReference; lastKnownFileType = wrapper; path = RealityKitContent; sourceTree = "<group>"; };
		3E0636772BF0BAA400F7ED6E /* PlanetarySystemApp.swift */ = {isa = PBXFileReference; lastKnownFileType = sourcecode.swift; path = PlanetarySystemApp.swift; sourceTree = "<group>"; };
		3E0636792BF0BAA400F7ED6E /* ContentView.swift */ = {isa = PBXFileReference; lastKnownFileType = sourcecode.swift; path = ContentView.swift; sourceTree = "<group>"; };
		3E06367B2BF0BAA500F7ED6E /* Assets.xcassets */ = {isa = PBXFileReference; lastKnownFileType = folder.assetcatalog; path = Assets.xcassets; sourceTree = "<group>"; };
		3E06367E2BF0BAA500F7ED6E /* Preview Assets.xcassets */ = {isa = PBXFileReference; lastKnownFileType = folder.assetcatalog; path = "Preview Assets.xcassets"; sourceTree = "<group>"; };
		3E0636802BF0BAA500F7ED6E /* Info.plist */ = {isa = PBXFileReference; lastKnownFileType = text.plist.xml; path = Info.plist; sourceTree = "<group>"; };
		3E0BE18E2BF157DE00C5B7C8 /* PlanetCharacteristic.swift */ = {isa = PBXFileReference; lastKnownFileType = sourcecode.swift; path = PlanetCharacteristic.swift; sourceTree = "<group>"; };
		3E38A9EF2CDCCC99000AC9E2 /* LightingConfigurable.swift */ = {isa = PBXFileReference; lastKnownFileType = sourcecode.swift; path = LightingConfigurable.swift; sourceTree = "<group>"; };
		3E5C216F2BF6BD010015AC20 /* PlanetarySystem.app */ = {isa = PBXFileReference; explicitFileType = wrapper.application; includeInIndex = 0; path = PlanetarySystem.app; sourceTree = BUILT_PRODUCTS_DIR; };
		3E5C21702BF75EFA0015AC20 /* BeforeImmersiveView.swift */ = {isa = PBXFileReference; lastKnownFileType = sourcecode.swift; path = BeforeImmersiveView.swift; sourceTree = "<group>"; };
		3E71D87A2CDD3C4F00B515ED /* PlanetarySystemTests.xctest */ = {isa = PBXFileReference; explicitFileType = wrapper.cfbundle; includeInIndex = 0; path = PlanetarySystemTests.xctest; sourceTree = BUILT_PRODUCTS_DIR; };
		3E72DCCB2CDBED0F0050C344 /* AudioPlayer.swift */ = {isa = PBXFileReference; lastKnownFileType = sourcecode.swift; path = AudioPlayer.swift; sourceTree = "<group>"; };
		3E72DCCD2CDBEEBF0050C344 /* TextArray.swift */ = {isa = PBXFileReference; lastKnownFileType = sourcecode.swift; path = TextArray.swift; sourceTree = "<group>"; };
		3E7D10DC2BF2652500B8CC9C /* MovePlanets.swift */ = {isa = PBXFileReference; fileEncoding = 4; lastKnownFileType = sourcecode.swift; path = MovePlanets.swift; sourceTree = "<group>"; };
		3E979FBF2BF6A7C80011999B /* studio.skybox */ = {isa = PBXFileReference; lastKnownFileType = file.skybox; path = studio.skybox; sourceTree = "<group>"; };
		3EA224602CD917EA00A94EAC /* ViewExtension.swift */ = {isa = PBXFileReference; lastKnownFileType = sourcecode.swift; path = ViewExtension.swift; sourceTree = "<group>"; };
		3EA2FC742BFA251400DB151E /* space.mp3 */ = {isa = PBXFileReference; lastKnownFileType = audio.mp3; path = space.mp3; sourceTree = "<group>"; };
		3EA475602BF6BA75005A3573 /* RealityKit.framework */ = {isa = PBXFileReference; lastKnownFileType = wrapper.framework; name = RealityKit.framework; path = System/Library/Frameworks/RealityKit.framework; sourceTree = SDKROOT; };
		3ED824C32BF4FB710091E5F5 /* ImmersiveView.swift */ = {isa = PBXFileReference; lastKnownFileType = sourcecode.swift; path = ImmersiveView.swift; sourceTree = "<group>"; };
		3EE96C362CCBC04D007BE4E2 /* ImageButton.swift */ = {isa = PBXFileReference; lastKnownFileType = sourcecode.swift; path = ImageButton.swift; sourceTree = "<group>"; };
		3EE96C382CCD07C6007BE4E2 /* PlanetParameters.swift */ = {isa = PBXFileReference; lastKnownFileType = sourcecode.swift; path = PlanetParameters.swift; sourceTree = "<group>"; };
		3EE96C3A2CCEAF7F007BE4E2 /* RealityViewExtension.swift */ = {isa = PBXFileReference; lastKnownFileType = sourcecode.swift; path = RealityViewExtension.swift; sourceTree = "<group>"; };
		3EF670E12BF282E700F916CF /* MovePlanetsYouChoose.swift */ = {isa = PBXFileReference; lastKnownFileType = sourcecode.swift; path = MovePlanetsYouChoose.swift; sourceTree = "<group>"; };
/* End PBXFileReference section */

/* Begin PBXFileSystemSynchronizedRootGroup section */
		3E71D87B2CDD3C4F00B515ED /* PlanetarySystemTests */ = {
			isa = PBXFileSystemSynchronizedRootGroup;
			path = PlanetarySystemTests;
			sourceTree = "<group>";
		};
/* End PBXFileSystemSynchronizedRootGroup section */

/* Begin PBXFrameworksBuildPhase section */
		3E06366D2BF0BAA400F7ED6E /* Frameworks */ = {
			isa = PBXFrameworksBuildPhase;
			buildActionMask = 2147483647;
			files = (
				3E0636762BF0BAA400F7ED6E /* RealityKitContent in Frameworks */,
			);
			runOnlyForDeploymentPostprocessing = 0;
		};
		3E71D8772CDD3C4F00B515ED /* Frameworks */ = {
			isa = PBXFrameworksBuildPhase;
			buildActionMask = 2147483647;
			files = (
			);
			runOnlyForDeploymentPostprocessing = 0;
		};
/* End PBXFrameworksBuildPhase section */

/* Begin PBXGroup section */
		3E0636672BF0BAA400F7ED6E = {
			isa = PBXGroup;
			children = (
				3E0636722BF0BAA400F7ED6E /* PlanetarySystem */,
				3E0636732BF0BAA400F7ED6E /* Packages */,
				3E71D87B2CDD3C4F00B515ED /* PlanetarySystemTests */,
				3EA4755F2BF6BA75005A3573 /* Frameworks */,
				3E5C216F2BF6BD010015AC20 /* PlanetarySystem.app */,
				3E71D87A2CDD3C4F00B515ED /* PlanetarySystemTests.xctest */,
			);
			sourceTree = "<group>";
		};
		3E0636722BF0BAA400F7ED6E /* PlanetarySystem */ = {
			isa = PBXGroup;
			children = (
				3E0636772BF0BAA400F7ED6E /* PlanetarySystemApp.swift */,
				3ED365C72BFA21550009123D /* Sounds */,
				3E979FBF2BF6A7C80011999B /* studio.skybox */,
				3ED365C82BFA21780009123D /* Views */,
				3ED365C92BFA21820009123D /* Support Files */,
				3E06367B2BF0BAA500F7ED6E /* Assets.xcassets */,
				3E0636802BF0BAA500F7ED6E /* Info.plist */,
				3E06367D2BF0BAA500F7ED6E /* Preview Content */,
			);
			path = PlanetarySystem;
			sourceTree = "<group>";
		};
		3E0636732BF0BAA400F7ED6E /* Packages */ = {
			isa = PBXGroup;
			children = (
				3E0636742BF0BAA400F7ED6E /* RealityKitContent */,
			);
			path = Packages;
			sourceTree = "<group>";
		};
		3E06367D2BF0BAA500F7ED6E /* Preview Content */ = {
			isa = PBXGroup;
			children = (
				3E06367E2BF0BAA500F7ED6E /* Preview Assets.xcassets */,
			);
			path = "Preview Content";
			sourceTree = "<group>";
		};
		3E38A9E92CDCBAD0000AC9E2 /* Immersive */ = {
			isa = PBXGroup;
			children = (
				3ED824C32BF4FB710091E5F5 /* ImmersiveView.swift */,
				3E7D10DC2BF2652500B8CC9C /* MovePlanets.swift */,
				3EF670E12BF282E700F916CF /* MovePlanetsYouChoose.swift */,
			);
			path = Immersive;
			sourceTree = "<group>";
		};
		3E38A9EA2CDCBAEF000AC9E2 /* Components */ = {
			isa = PBXGroup;
			children = (
				3EE96C362CCBC04D007BE4E2 /* ImageButton.swift */,
			);
			path = Components;
			sourceTree = "<group>";
		};
		3E38A9EB2CDCBB08000AC9E2 /* Extensions */ = {
			isa = PBXGroup;
			children = (
				3EE96C3A2CCEAF7F007BE4E2 /* RealityViewExtension.swift */,
				3EA224602CD917EA00A94EAC /* ViewExtension.swift */,
			);
			path = Extensions;
			sourceTree = "<group>";
		};
		3E38A9EC2CDCCC6E000AC9E2 /* Protocols */ = {
			isa = PBXGroup;
			children = (
				3E38A9EF2CDCCC99000AC9E2 /* LightingConfigurable.swift */,
			);
			path = Protocols;
			sourceTree = "<group>";
		};
		3EA4755F2BF6BA75005A3573 /* Frameworks */ = {
			isa = PBXGroup;
			children = (
				3EA475602BF6BA75005A3573 /* RealityKit.framework */,
			);
			name = Frameworks;
			sourceTree = "<group>";
		};
		3ED365C72BFA21550009123D /* Sounds */ = {
			isa = PBXGroup;
			children = (
				3EA2FC742BFA251400DB151E /* space.mp3 */,
			);
			path = Sounds;
			sourceTree = "<group>";
		};
		3ED365C82BFA21780009123D /* Views */ = {
			isa = PBXGroup;
			children = (
				3E0636792BF0BAA400F7ED6E /* ContentView.swift */,
				3E5C21702BF75EFA0015AC20 /* BeforeImmersiveView.swift */,
				3E38A9E92CDCBAD0000AC9E2 /* Immersive */,
				3E38A9EA2CDCBAEF000AC9E2 /* Components */,
			);
			path = Views;
			sourceTree = "<group>";
		};
		3ED365C92BFA21820009123D /* Support Files */ = {
			isa = PBXGroup;
			children = (
				3E72DCCB2CDBED0F0050C344 /* AudioPlayer.swift */,
				3E0BE18E2BF157DE00C5B7C8 /* PlanetCharacteristic.swift */,
				3E72DCCD2CDBEEBF0050C344 /* TextArray.swift */,
				3EE96C382CCD07C6007BE4E2 /* PlanetParameters.swift */,
				3E38A9EC2CDCCC6E000AC9E2 /* Protocols */,
				3E38A9EB2CDCBB08000AC9E2 /* Extensions */,
			);
			path = "Support Files";
			sourceTree = "<group>";
		};
/* End PBXGroup section */

/* Begin PBXNativeTarget section */
		3E06366F2BF0BAA400F7ED6E /* PlanetarySystem */ = {
			isa = PBXNativeTarget;
			buildConfigurationList = 3E0636832BF0BAA500F7ED6E /* Build configuration list for PBXNativeTarget "PlanetarySystem" */;
			buildPhases = (
				3E06366C2BF0BAA400F7ED6E /* Sources */,
				3E06366D2BF0BAA400F7ED6E /* Frameworks */,
				3E06366E2BF0BAA400F7ED6E /* Resources */,
			);
			buildRules = (
			);
			dependencies = (
			);
			name = PlanetarySystem;
			packageProductDependencies = (
				3E0636752BF0BAA400F7ED6E /* RealityKitContent */,
			);
			productName = PlanetarySystem;
			productReference = 3E5C216F2BF6BD010015AC20 /* PlanetarySystem.app */;
			productType = "com.apple.product-type.application";
		};
		3E71D8792CDD3C4F00B515ED /* PlanetarySystemTests */ = {
			isa = PBXNativeTarget;
			buildConfigurationList = 3E71D8822CDD3C4F00B515ED /* Build configuration list for PBXNativeTarget "PlanetarySystemTests" */;
			buildPhases = (
				3E71D8762CDD3C4F00B515ED /* Sources */,
				3E71D8772CDD3C4F00B515ED /* Frameworks */,
				3E71D8782CDD3C4F00B515ED /* Resources */,
			);
			buildRules = (
			);
			dependencies = (
				3E71D87F2CDD3C4F00B515ED /* PBXTargetDependency */,
			);
			fileSystemSynchronizedGroups = (
				3E71D87B2CDD3C4F00B515ED /* PlanetarySystemTests */,
			);
			name = PlanetarySystemTests;
			packageProductDependencies = (
			);
			productName = PlanetarySystemTests;
			productReference = 3E71D87A2CDD3C4F00B515ED /* PlanetarySystemTests.xctest */;
			productType = "com.apple.product-type.bundle.unit-test";
		};
/* End PBXNativeTarget section */

/* Begin PBXProject section */
		3E0636682BF0BAA400F7ED6E /* Project object */ = {
			isa = PBXProject;
			attributes = {
				BuildIndependentTargetsInParallel = 1;
				LastSwiftUpdateCheck = 1610;
				LastUpgradeCheck = 1530;
				TargetAttributes = {
					3E06366F2BF0BAA400F7ED6E = {
						CreatedOnToolsVersion = 15.3;
					};
					3E71D8792CDD3C4F00B515ED = {
						CreatedOnToolsVersion = 16.1;
						TestTargetID = 3E06366F2BF0BAA400F7ED6E;
					};
				};
			};
			buildConfigurationList = 3E06366B2BF0BAA400F7ED6E /* Build configuration list for PBXProject "PlanetarySystem" */;
			developmentRegion = en;
			hasScannedForEncodings = 0;
			knownRegions = (
				en,
				Base,
			);
			mainGroup = 3E0636672BF0BAA400F7ED6E;
			preferredProjectObjectVersion = 77;
			productRefGroup = 3E0636672BF0BAA400F7ED6E;
			projectDirPath = "";
			projectRoot = "";
			targets = (
				3E06366F2BF0BAA400F7ED6E /* PlanetarySystem */,
				3E71D8792CDD3C4F00B515ED /* PlanetarySystemTests */,
			);
		};
/* End PBXProject section */

/* Begin PBXResourcesBuildPhase section */
		3E06366E2BF0BAA400F7ED6E /* Resources */ = {
			isa = PBXResourcesBuildPhase;
			buildActionMask = 2147483647;
			files = (
				3E06367F2BF0BAA500F7ED6E /* Preview Assets.xcassets in Resources */,
				3E979FC02BF6A7C80011999B /* studio.skybox in Resources */,
				3E06367C2BF0BAA500F7ED6E /* Assets.xcassets in Resources */,
				3EA2FC752BFA251400DB151E /* space.mp3 in Resources */,
			);
			runOnlyForDeploymentPostprocessing = 0;
		};
		3E71D8782CDD3C4F00B515ED /* Resources */ = {
			isa = PBXResourcesBuildPhase;
			buildActionMask = 2147483647;
			files = (
			);
			runOnlyForDeploymentPostprocessing = 0;
		};
/* End PBXResourcesBuildPhase section */

/* Begin PBXSourcesBuildPhase section */
		3E06366C2BF0BAA400F7ED6E /* Sources */ = {
			isa = PBXSourcesBuildPhase;
			buildActionMask = 2147483647;
			files = (
				3E06367A2BF0BAA400F7ED6E /* ContentView.swift in Sources */,
				3E7D10DD2BF2652500B8CC9C /* MovePlanets.swift in Sources */,
				3E5C21712BF75EFA0015AC20 /* BeforeImmersiveView.swift in Sources */,
				3EE96C372CCBC04D007BE4E2 /* ImageButton.swift in Sources */,
				3E38A9F02CDCCC99000AC9E2 /* LightingConfigurable.swift in Sources */,
				3E0636782BF0BAA400F7ED6E /* PlanetarySystemApp.swift in Sources */,
				3EE96C3B2CCEAF7F007BE4E2 /* RealityViewExtension.swift in Sources */,
				3EA224612CD917EA00A94EAC /* ViewExtension.swift in Sources */,
				3EF670E22BF282E700F916CF /* MovePlanetsYouChoose.swift in Sources */,
				3E72DCCE2CDBEEBF0050C344 /* TextArray.swift in Sources */,
				3E0BE18F2BF157DE00C5B7C8 /* PlanetCharacteristic.swift in Sources */,
				3EE96C392CCD07C6007BE4E2 /* PlanetParameters.swift in Sources */,
				3ED824C42BF4FB710091E5F5 /* ImmersiveView.swift in Sources */,
				3E72DCCC2CDBED0F0050C344 /* AudioPlayer.swift in Sources */,
			);
			runOnlyForDeploymentPostprocessing = 0;
		};
		3E71D8762CDD3C4F00B515ED /* Sources */ = {
			isa = PBXSourcesBuildPhase;
			buildActionMask = 2147483647;
			files = (
			);
			runOnlyForDeploymentPostprocessing = 0;
		};
/* End PBXSourcesBuildPhase section */

/* Begin PBXTargetDependency section */
		3E71D87F2CDD3C4F00B515ED /* PBXTargetDependency */ = {
			isa = PBXTargetDependency;
			target = 3E06366F2BF0BAA400F7ED6E /* PlanetarySystem */;
			targetProxy = 3E71D87E2CDD3C4F00B515ED /* PBXContainerItemProxy */;
		};
/* End PBXTargetDependency section */

/* Begin XCBuildConfiguration section */
		3E0636812BF0BAA500F7ED6E /* Debug */ = {
			isa = XCBuildConfiguration;
			buildSettings = {
				ALWAYS_SEARCH_USER_PATHS = NO;
				ASSETCATALOG_COMPILER_GENERATE_SWIFT_ASSET_SYMBOL_EXTENSIONS = YES;
				CLANG_ANALYZER_NONNULL = YES;
				CLANG_ANALYZER_NUMBER_OBJECT_CONVERSION = YES_AGGRESSIVE;
				CLANG_CXX_LANGUAGE_STANDARD = "gnu++20";
				CLANG_ENABLE_MODULES = YES;
				CLANG_ENABLE_OBJC_ARC = YES;
				CLANG_ENABLE_OBJC_WEAK = YES;
				CLANG_WARN_BLOCK_CAPTURE_AUTORELEASING = YES;
				CLANG_WARN_BOOL_CONVERSION = YES;
				CLANG_WARN_COMMA = YES;
				CLANG_WARN_CONSTANT_CONVERSION = YES;
				CLANG_WARN_DEPRECATED_OBJC_IMPLEMENTATIONS = YES;
				CLANG_WARN_DIRECT_OBJC_ISA_USAGE = YES_ERROR;
				CLANG_WARN_DOCUMENTATION_COMMENTS = YES;
				CLANG_WARN_EMPTY_BODY = YES;
				CLANG_WARN_ENUM_CONVERSION = YES;
				CLANG_WARN_INFINITE_RECURSION = YES;
				CLANG_WARN_INT_CONVERSION = YES;
				CLANG_WARN_NON_LITERAL_NULL_CONVERSION = YES;
				CLANG_WARN_OBJC_IMPLICIT_RETAIN_SELF = YES;
				CLANG_WARN_OBJC_LITERAL_CONVERSION = YES;
				CLANG_WARN_OBJC_ROOT_CLASS = YES_ERROR;
				CLANG_WARN_QUOTED_INCLUDE_IN_FRAMEWORK_HEADER = YES;
				CLANG_WARN_RANGE_LOOP_ANALYSIS = YES;
				CLANG_WARN_STRICT_PROTOTYPES = YES;
				CLANG_WARN_SUSPICIOUS_MOVE = YES;
				CLANG_WARN_UNGUARDED_AVAILABILITY = YES_AGGRESSIVE;
				CLANG_WARN_UNREACHABLE_CODE = YES;
				CLANG_WARN__DUPLICATE_METHOD_MATCH = YES;
				COPY_PHASE_STRIP = NO;
				DEBUG_INFORMATION_FORMAT = dwarf;
				ENABLE_STRICT_OBJC_MSGSEND = YES;
				ENABLE_TESTABILITY = YES;
				ENABLE_USER_SCRIPT_SANDBOXING = YES;
				GCC_C_LANGUAGE_STANDARD = gnu17;
				GCC_DYNAMIC_NO_PIC = NO;
				GCC_NO_COMMON_BLOCKS = YES;
				GCC_OPTIMIZATION_LEVEL = 0;
				GCC_PREPROCESSOR_DEFINITIONS = (
					"DEBUG=1",
					"$(inherited)",
				);
				GCC_WARN_64_TO_32_BIT_CONVERSION = YES;
				GCC_WARN_ABOUT_RETURN_TYPE = YES_ERROR;
				GCC_WARN_UNDECLARED_SELECTOR = YES;
				GCC_WARN_UNINITIALIZED_AUTOS = YES_AGGRESSIVE;
				GCC_WARN_UNUSED_FUNCTION = YES;
				GCC_WARN_UNUSED_VARIABLE = YES;
				LOCALIZATION_PREFERS_STRING_CATALOGS = YES;
				MTL_ENABLE_DEBUG_INFO = INCLUDE_SOURCE;
				MTL_FAST_MATH = YES;
				ONLY_ACTIVE_ARCH = YES;
				SDKROOT = xros;
				SWIFT_ACTIVE_COMPILATION_CONDITIONS = "DEBUG $(inherited)";
				SWIFT_OPTIMIZATION_LEVEL = "-Onone";
				XROS_DEPLOYMENT_TARGET = 1.1;
			};
			name = Debug;
		};
		3E0636822BF0BAA500F7ED6E /* Release */ = {
			isa = XCBuildConfiguration;
			buildSettings = {
				ALWAYS_SEARCH_USER_PATHS = NO;
				ASSETCATALOG_COMPILER_GENERATE_SWIFT_ASSET_SYMBOL_EXTENSIONS = YES;
				CLANG_ANALYZER_NONNULL = YES;
				CLANG_ANALYZER_NUMBER_OBJECT_CONVERSION = YES_AGGRESSIVE;
				CLANG_CXX_LANGUAGE_STANDARD = "gnu++20";
				CLANG_ENABLE_MODULES = YES;
				CLANG_ENABLE_OBJC_ARC = YES;
				CLANG_ENABLE_OBJC_WEAK = YES;
				CLANG_WARN_BLOCK_CAPTURE_AUTORELEASING = YES;
				CLANG_WARN_BOOL_CONVERSION = YES;
				CLANG_WARN_COMMA = YES;
				CLANG_WARN_CONSTANT_CONVERSION = YES;
				CLANG_WARN_DEPRECATED_OBJC_IMPLEMENTATIONS = YES;
				CLANG_WARN_DIRECT_OBJC_ISA_USAGE = YES_ERROR;
				CLANG_WARN_DOCUMENTATION_COMMENTS = YES;
				CLANG_WARN_EMPTY_BODY = YES;
				CLANG_WARN_ENUM_CONVERSION = YES;
				CLANG_WARN_INFINITE_RECURSION = YES;
				CLANG_WARN_INT_CONVERSION = YES;
				CLANG_WARN_NON_LITERAL_NULL_CONVERSION = YES;
				CLANG_WARN_OBJC_IMPLICIT_RETAIN_SELF = YES;
				CLANG_WARN_OBJC_LITERAL_CONVERSION = YES;
				CLANG_WARN_OBJC_ROOT_CLASS = YES_ERROR;
				CLANG_WARN_QUOTED_INCLUDE_IN_FRAMEWORK_HEADER = YES;
				CLANG_WARN_RANGE_LOOP_ANALYSIS = YES;
				CLANG_WARN_STRICT_PROTOTYPES = YES;
				CLANG_WARN_SUSPICIOUS_MOVE = YES;
				CLANG_WARN_UNGUARDED_AVAILABILITY = YES_AGGRESSIVE;
				CLANG_WARN_UNREACHABLE_CODE = YES;
				CLANG_WARN__DUPLICATE_METHOD_MATCH = YES;
				COPY_PHASE_STRIP = NO;
				DEBUG_INFORMATION_FORMAT = "dwarf-with-dsym";
				ENABLE_NS_ASSERTIONS = NO;
				ENABLE_STRICT_OBJC_MSGSEND = YES;
				ENABLE_USER_SCRIPT_SANDBOXING = YES;
				GCC_C_LANGUAGE_STANDARD = gnu17;
				GCC_NO_COMMON_BLOCKS = YES;
				GCC_WARN_64_TO_32_BIT_CONVERSION = YES;
				GCC_WARN_ABOUT_RETURN_TYPE = YES_ERROR;
				GCC_WARN_UNDECLARED_SELECTOR = YES;
				GCC_WARN_UNINITIALIZED_AUTOS = YES_AGGRESSIVE;
				GCC_WARN_UNUSED_FUNCTION = YES;
				GCC_WARN_UNUSED_VARIABLE = YES;
				LOCALIZATION_PREFERS_STRING_CATALOGS = YES;
				MTL_ENABLE_DEBUG_INFO = NO;
				MTL_FAST_MATH = YES;
				SDKROOT = xros;
				SWIFT_COMPILATION_MODE = wholemodule;
				VALIDATE_PRODUCT = YES;
				XROS_DEPLOYMENT_TARGET = 1.1;
			};
			name = Release;
		};
		3E0636842BF0BAA500F7ED6E /* Debug */ = {
			isa = XCBuildConfiguration;
			buildSettings = {
				ASSETCATALOG_COMPILER_APPICON_NAME = AppIcon;
				ASSETCATALOG_COMPILER_GLOBAL_ACCENT_COLOR_NAME = AccentColor;
				CODE_SIGN_STYLE = Automatic;
				CURRENT_PROJECT_VERSION = 0;
				DEVELOPMENT_ASSET_PATHS = "\"PlanetarySystem/Preview Content\"";
				DEVELOPMENT_TEAM = WLW428B75Y;
				ENABLE_PREVIEWS = YES;
				GENERATE_INFOPLIST_FILE = YES;
				INFOPLIST_FILE = "$(TARGET_NAME)/Info.plist";
				INFOPLIST_KEY_CFBundleDisplayName = "Astral Wilds";
				INFOPLIST_KEY_LSApplicationCategoryType = "public.app-category.education";
				LD_RUNPATH_SEARCH_PATHS = (
					"$(inherited)",
					"@executable_path/Frameworks",
				);
				MARKETING_VERSION = 1.1;
				PRODUCT_BUNDLE_IDENTIFIER = com.Dave.PlanetarySystem;
				PRODUCT_NAME = "$(TARGET_NAME)";
				SUPPORTED_PLATFORMS = "xros xrsimulator";
				SWIFT_EMIT_LOC_STRINGS = YES;
				SWIFT_VERSION = 5.0;
				TARGETED_DEVICE_FAMILY = "1,2,7";
				XROS_DEPLOYMENT_TARGET = 1.0;
			};
			name = Debug;
		};
		3E0636852BF0BAA500F7ED6E /* Release */ = {
			isa = XCBuildConfiguration;
			buildSettings = {
				ASSETCATALOG_COMPILER_APPICON_NAME = AppIcon;
				ASSETCATALOG_COMPILER_GLOBAL_ACCENT_COLOR_NAME = AccentColor;
				CODE_SIGN_STYLE = Automatic;
				CURRENT_PROJECT_VERSION = 0;
				DEVELOPMENT_ASSET_PATHS = "\"PlanetarySystem/Preview Content\"";
				DEVELOPMENT_TEAM = WLW428B75Y;
				ENABLE_PREVIEWS = YES;
				GENERATE_INFOPLIST_FILE = YES;
				INFOPLIST_FILE = "$(TARGET_NAME)/Info.plist";
				INFOPLIST_KEY_CFBundleDisplayName = "Astral Wilds";
				INFOPLIST_KEY_LSApplicationCategoryType = "public.app-category.education";
				LD_RUNPATH_SEARCH_PATHS = (
					"$(inherited)",
					"@executable_path/Frameworks",
				);
				MARKETING_VERSION = 1.1;
				PRODUCT_BUNDLE_IDENTIFIER = com.Dave.PlanetarySystem;
				PRODUCT_NAME = "$(TARGET_NAME)";
				SUPPORTED_PLATFORMS = "xros xrsimulator";
				SWIFT_EMIT_LOC_STRINGS = YES;
				SWIFT_VERSION = 5.0;
				TARGETED_DEVICE_FAMILY = "1,2,7";
				XROS_DEPLOYMENT_TARGET = 1.0;
			};
			name = Release;
		};
		3E71D8802CDD3C4F00B515ED /* Debug */ = {
			isa = XCBuildConfiguration;
			buildSettings = {
				BUNDLE_LOADER = "$(TEST_HOST)";
				CODE_SIGN_STYLE = Automatic;
				CURRENT_PROJECT_VERSION = 1;
				DEVELOPMENT_TEAM = WLW428B75Y;
				GENERATE_INFOPLIST_FILE = YES;
				IPHONEOS_DEPLOYMENT_TARGET = 18.1;
				MACOSX_DEPLOYMENT_TARGET = 15.0;
				MARKETING_VERSION = 1.0;
				PRODUCT_BUNDLE_IDENTIFIER = com.Dave.PlanetarySystem.PlanetarySystemTests;
				PRODUCT_NAME = "$(TARGET_NAME)";
				SDKROOT = auto;
				SUPPORTED_PLATFORMS = "iphoneos iphonesimulator macosx xros xrsimulator";
				SWIFT_EMIT_LOC_STRINGS = NO;
				SWIFT_VERSION = 5.0;
				TARGETED_DEVICE_FAMILY = "1,2,7";
				TEST_HOST = "$(BUILT_PRODUCTS_DIR)/PlanetarySystem.app/$(BUNDLE_EXECUTABLE_FOLDER_PATH)/PlanetarySystem";
				XROS_DEPLOYMENT_TARGET = 1.0;
			};
			name = Debug;
		};
		3E71D8812CDD3C4F00B515ED /* Release */ = {
			isa = XCBuildConfiguration;
			buildSettings = {
				BUNDLE_LOADER = "$(TEST_HOST)";
				CODE_SIGN_STYLE = Automatic;
				CURRENT_PROJECT_VERSION = 1;
				DEVELOPMENT_TEAM = WLW428B75Y;
				GENERATE_INFOPLIST_FILE = YES;
				IPHONEOS_DEPLOYMENT_TARGET = 18.1;
				MACOSX_DEPLOYMENT_TARGET = 15.0;
				MARKETING_VERSION = 1.0;
				PRODUCT_BUNDLE_IDENTIFIER = com.Dave.PlanetarySystem.PlanetarySystemTests;
				PRODUCT_NAME = "$(TARGET_NAME)";
				SDKROOT = auto;
				SUPPORTED_PLATFORMS = "iphoneos iphonesimulator macosx xros xrsimulator";
				SWIFT_EMIT_LOC_STRINGS = NO;
				SWIFT_VERSION = 5.0;
				TARGETED_DEVICE_FAMILY = "1,2,7";
				TEST_HOST = "$(BUILT_PRODUCTS_DIR)/PlanetarySystem.app/$(BUNDLE_EXECUTABLE_FOLDER_PATH)/PlanetarySystem";
				XROS_DEPLOYMENT_TARGET = 1.0;
			};
			name = Release;
		};
/* End XCBuildConfiguration section */

/* Begin XCConfigurationList section */
		3E06366B2BF0BAA400F7ED6E /* Build configuration list for PBXProject "PlanetarySystem" */ = {
			isa = XCConfigurationList;
			buildConfigurations = (
				3E0636812BF0BAA500F7ED6E /* Debug */,
				3E0636822BF0BAA500F7ED6E /* Release */,
			);
			defaultConfigurationIsVisible = 0;
			defaultConfigurationName = Release;
		};
		3E0636832BF0BAA500F7ED6E /* Build configuration list for PBXNativeTarget "PlanetarySystem" */ = {
			isa = XCConfigurationList;
			buildConfigurations = (
				3E0636842BF0BAA500F7ED6E /* Debug */,
				3E0636852BF0BAA500F7ED6E /* Release */,
			);
			defaultConfigurationIsVisible = 0;
			defaultConfigurationName = Release;
		};
		3E71D8822CDD3C4F00B515ED /* Build configuration list for PBXNativeTarget "PlanetarySystemTests" */ = {
			isa = XCConfigurationList;
			buildConfigurations = (
				3E71D8802CDD3C4F00B515ED /* Debug */,
				3E71D8812CDD3C4F00B515ED /* Release */,
			);
			defaultConfigurationIsVisible = 0;
			defaultConfigurationName = Release;
		};
/* End XCConfigurationList section */

/* Begin XCSwiftPackageProductDependency section */
		3E0636752BF0BAA400F7ED6E /* RealityKitContent */ = {
			isa = XCSwiftPackageProductDependency;
			productName = RealityKitContent;
		};
/* End XCSwiftPackageProductDependency section */
	};
	rootObject = 3E0636682BF0BAA400F7ED6E /* Project object */;
}
